
Microsoft Visual Studio Solution File, Format Version 12.00
# Visual Studio Version 17
VisualStudioVersion = 17.9.34728.123
MinimumVisualStudioVersion = 10.0.40219.1
Project("{FAE04EC0-301F-11D3-BF4B-00C04F79EFBC}") = "ConsoleApp1", "ConsoleApp1.csproj", "{68CF0E94-36AC-4DF6-AE12-570C2A184726}"
EndProject
Global
	GlobalSection(SolutionConfigurationPlatforms) = preSolution
		Debug|Any CPU = Debug|Any CPU
		Release|Any CPU = Release|Any CPU
	EndGlobalSection
	GlobalSection(ProjectConfigurationPlatforms) = postSolution
		{68CF0E94-36AC-4DF6-AE12-570C2A184726}.Debug|Any CPU.ActiveCfg = Debug|Any CPU
		{68CF0E94-36AC-4DF6-AE12-570C2A184726}.Debug|Any CPU.Build.0 = Debug|Any CPU
		{68CF0E94-36AC-4DF6-AE12-570C2A184726}.Release|Any CPU.ActiveCfg = Release|Any CPU
		{68CF0E94-36AC-4DF6-AE12-570C2A184726}.Release|Any CPU.Build.0 = Release|Any CPU
	EndGlobalSection
	GlobalSection(SolutionProperties) = preSolution
		HideSolutionNode = FALSE
	EndGlobalSection
	GlobalSection(ExtensibilityGlobals) = postSolution
		SolutionGuid = {E9593F88-FAF1-444B-82AA-5E3C3967D1F5}
	EndGlobalSection
EndGlobal
